{
  "name": "@osce/theme-apex",
  "version": "0.1.0",
  "lockfileVersion": 3,
  "requires": true,
  "packages": {
    "": {
      "name": "@osce/theme-apex",
      "version": "0.1.0",
      "dependencies": {
        "@fontsource/exo-2": "^5.2.8",
        "@fontsource/jetbrains-mono": "^5.2.8",
        "@fontsource/m-plus-1p": "^5.2.9",
        "@fontsource/orbitron": "^5.2.8",
        "clsx": "^2.1.0",
        "frontend": "file:../../web/frontend",
        "tailwind-merge": "^2.6.0"
      },
      "devDependencies": {
        "@types/react": "^19.0.0",
        "@types/react-dom": "^19.0.0",
        "typescript": "^5.9.3"
      },
      "peerDependencies": {
        "react": "^19.0.0",
        "react-dom": "^19.0.0"
      }
    },
    "../../web/frontend": {
      "version": "0.0.0",
      "dependencies": {
        "@fontsource/exo-2": "^5.2.8",
        "@fontsource/jetbrains-mono": "^5.2.8",
        "@fontsource/m-plus-1p": "^5.2.9",
        "@fontsource/orbitron": "^5.2.8",
        "@osce/theme-apex": "file:../../packages/theme-apex",
        "clsx": "^2.1.0",
        "react": "^19.2.0",
        "react-dom": "^19.2.0",
        "react-markdown": "^10.1.0",
        "remark-gfm": "^4.0.1",
        "tailwind-merge": "^2.6.0"
      },
      "devDependencies": {
        "@eslint/js": "^9.39.1",
        "@tailwindcss/vite": "^4.2.1",
        "@tanstack/react-query": "^5.90.21",
        "@types/node": "^24.10.1",
        "@types/react": "^19.2.7",
        "@types/react-dom": "^19.2.3",
        "@vitejs/plugin-react": "^5.1.1",
        "eslint": "^9.39.1",
        "eslint-plugin-react-hooks": "^7.0.1",
        "eslint-plugin-react-refresh": "^0.4.24",
        "globals": "^16.5.0",
        "react-router-dom": "^7.13.1",
        "tailwindcss": "^4.2.1",
        "typescript": "~5.9.3",
        "typescript-eslint": "^8.48.0",
        "vite": "^7.3.1"
      }
    },
    "node_modules/@fontsource/exo-2": {
      "version": "5.2.8",
      "license": "OFL-1.1",
      "funding": {
        "url": "https://github.com/sponsors/ayuhito"
      }
    },
    "node_modules/@fontsource/jetbrains-mono": {
      "version": "5.2.8",
      "license": "OFL-1.1",
      "funding": {
        "url": "https://github.com/sponsors/ayuhito"
      }
    },
    "node_modules/@fontsource/m-plus-1p": {
      "version": "5.2.9",
      "license": "OFL-1.1",
      "funding": {
        "url": "https://github.com/sponsors/ayuhito"
      }
    },
    "node_modules/@fontsource/orbitron": {
      "version": "5.2.8",
      "license": "OFL-1.1",
      "funding": {
        "url": "https://github.com/sponsors/ayuhito"
      }
    },
    "node_modules/@types/react": {
      "version": "19.2.14",
      "dev": true,
      "license": "MIT",
      "dependencies": {
        "csstype": "^3.2.2"
      }
    },
    "node_modules/@types/react-dom": {
      "version": "19.2.3",
      "dev": true,
      "license": "MIT",
      "peerDependencies": {
        "@types/react": "^19.2.0"
      }
    },
    "node_modules/clsx": {
      "version": "2.1.1",
      "license": "MIT",
      "engines": {
        "node": ">=6"
      }
    },
    "node_modules/csstype": {
      "version": "3.2.3",
      "resolved": "https://registry.npmjs.org/csstype/-/csstype-3.2.3.tgz",
      "integrity": "sha512-z1HGKcYy2xA8AGQfwrn0PAy+PB7X/GSj3UVJW9qKyn43xWa+gl5nXmU4qqLMRzWVLFC8KusUX8T/0kCiOYpAIQ==",
      "dev": true,
      "license": "MIT"
    },
    "node_modules/frontend": {
      "resolved": "../../web/frontend",
      "link": true
    },
    "node_modules/react": {
      "version": "19.2.4",
      "license": "MIT",
      "peer": true,
      "engines": {
        "node": ">=0.10.0"
      }
    },
    "node_modules/react-dom": {
      "version": "19.2.4",
      "license": "MIT",
      "peer": true,
      "dependencies": {
        "scheduler": "^0.27.0"
      },
      "peerDependencies": {
        "react": "^19.2.4"
      }
    },
    "node_modules/scheduler": {
      "version": "0.27.0",
      "resolved": "https://registry.npmjs.org/scheduler/-/scheduler-0.27.0.tgz",
      "integrity": "sha512-eNv+WrVbKu1f3vbYJT/xtiF5syA5HPIMtf9IgY/nKg0sWqzAUEvqY/xm7OcZc/qafLx/iO9FgOmeSAp4v5ti/Q==",
      "license": "MIT",
      "peer": true
    },
    "node_modules/tailwind-merge": {
      "version": "2.6.1",
      "license": "MIT",
      "funding": {
        "type": "github",
        "url": "https://github.com/sponsors/dcastil"
      }
    },
    "node_modules/typescript": {
      "version": "5.9.3",
      "resolved": "https://registry.npmjs.org/typescript/-/typescript-5.9.3.tgz",
      "integrity": "sha512-jl1vZzPDinLr9eUt3J/t7V6FgNEw9QjvBPdysz9KfQDD41fQrC2Y4vKQdiaUpFT4bXlb1RHhLpp8wtm6M5TgSw==",
      "dev": true,
      "license": "Apache-2.0",
      "bin": {
        "tsc": "bin/tsc",
        "tsserver": "bin/tsserver"
      },
      "engines": {
        "node": ">=14.17"
      }
    }
  }
}
